
Microsoft Visual Studio Solution File, Format Version 12.00
# Visual Studio Version 16
VisualStudioVersion = 16.0.29403.142
MinimumVisualStudioVersion = 10.0.40219.1
Project("{FAE04EC0-301F-11D3-BF4B-00C04F79EFBC}") = "Seminar_1", "Seminar_1\Seminar_1.csproj", "{7A2BF55E-E6EE-42BA-93E1-36E0506D24A2}"
EndProject
Global
	GlobalSection(SolutionConfigurationPlatforms) = preSolution
		Debug|Any CPU = Debug|Any CPU
		Release|Any CPU = Release|Any CPU
	EndGlobalSection
	GlobalSection(ProjectConfigurationPlatforms) = postSolution
		{7A2BF55E-E6EE-42BA-93E1-36E0506D24A2}.Debug|Any CPU.ActiveCfg = Debug|Any CPU
		{7A2BF55E-E6EE-42BA-93E1-36E0506D24A2}.Debug|Any CPU.Build.0 = Debug|Any CPU
		{7A2BF55E-E6EE-42BA-93E1-36E0506D24A2}.Release|Any CPU.ActiveCfg = Release|Any CPU
		{7A2BF55E-E6EE-42BA-93E1-36E0506D24A2}.Release|Any CPU.Build.0 = Release|Any CPU
	EndGlobalSection
	GlobalSection(SolutionProperties) = preSolution
		HideSolutionNode = FALSE
	EndGlobalSection
	GlobalSection(ExtensibilityGlobals) = postSolution
		SolutionGuid = {94F9D93B-961E-40E5-8B71-BFE3EB322F2D}
	EndGlobalSection
EndGlobal
